
Microsoft Visual Studio Solution File, Format Version 12.00
# Visual Studio Version 16
VisualStudioVersion = 16.0.28803.352
MinimumVisualStudioVersion = 10.0.40219.1
Project("{FAE04EC0-301F-11D3-BF4B-00C04F79EFBC}") = "proj2", "proj2\proj2.csproj", "{0E94A2A5-EB41-410C-9D45-96CAAF88828E}"
EndProject
Global
	GlobalSection(SolutionConfigurationPlatforms) = preSolution
		Debug|Any CPU = Debug|Any CPU
		Release|Any CPU = Release|Any CPU
	EndGlobalSection
	GlobalSection(ProjectConfigurationPlatforms) = postSolution
		{0E94A2A5-EB41-410C-9D45-96CAAF88828E}.Debug|Any CPU.ActiveCfg = Debug|Any CPU
		{0E94A2A5-EB41-410C-9D45-96CAAF88828E}.Debug|Any CPU.Build.0 = Debug|Any CPU
		{0E94A2A5-EB41-410C-9D45-96CAAF88828E}.Release|Any CPU.ActiveCfg = Release|Any CPU
		{0E94A2A5-EB41-410C-9D45-96CAAF88828E}.Release|Any CPU.Build.0 = Release|Any CPU
	EndGlobalSection
	GlobalSection(SolutionProperties) = preSolution
		HideSolutionNode = FALSE
	EndGlobalSection
	GlobalSection(ExtensibilityGlobals) = postSolution
		SolutionGuid = {D32F8891-DCD8-419C-99AF-B0A02DD9F30C}
	EndGlobalSection
EndGlobal
